// !$*UTF8*$!
{
	archiveVersion = 1;
	classes = {
	};
	objectVersion = 46;
	objects = {
/* Begin PBXBuildFile section */
		0207DA581B56EA530066E2B4 /* Images.xcassets in Resources */ = {isa = PBXBuildFile; fileRef = 0207DA571B56EA530066E2B4 /* Images.xcassets */; };
		1D3623260D0F684500981E51 /* AppDelegate.m in Sources */ = {isa = PBXBuildFile; fileRef = 1D3623250D0F684500981E51 /* AppDelegate.m */; };
		1D60589B0D05DD56006BFB54 /* main.m in Sources */ = {isa = PBXBuildFile; fileRef = 29B97316FDCFA39411CA2CEA /* main.m */; };
		301BF552109A68D80062928A /* libCordova.a in Frameworks */ = {isa = PBXBuildFile; fileRef = 301BF535109A57CC0062928A /* libCordova.a */; };
		302D95F114D2391D003F00A1 /* MainViewController.m in Sources */ = {isa = PBXBuildFile; fileRef = 302D95EF14D2391D003F00A1 /* MainViewController.m */; };
		302D95F214D2391D003F00A1 /* MainViewController.xib in Resources */ = {isa = PBXBuildFile; fileRef = 302D95F014D2391D003F00A1 /* MainViewController.xib */; };
		3047A5121AB8059700498E2A /* build-debug.xcconfig in Resources */ = {isa = PBXBuildFile; fileRef = 3047A50F1AB8059700498E2A /* build-debug.xcconfig */; };
		3047A5131AB8059700498E2A /* build-release.xcconfig in Resources */ = {isa = PBXBuildFile; fileRef = 3047A5101AB8059700498E2A /* build-release.xcconfig */; };
		3047A5141AB8059700498E2A /* build.xcconfig in Resources */ = {isa = PBXBuildFile; fileRef = 3047A5111AB8059700498E2A /* build.xcconfig */; };
		6AFF5BF91D6E424B00AB3073 /* CDVLaunchScreen.storyboard in Resources */ = {isa = PBXBuildFile; fileRef = 6AFF5BF81D6E424B00AB3073 /* CDVLaunchScreen.storyboard */; };
		56A115AD31DD46B591DCDD04 /* NativePageTransitions.m in Sources */ = {isa = PBXBuildFile; fileRef = E24ACCF32E424714BDC69B3F /* NativePageTransitions.m */; };
		7825883170924EE3A02CFC95 /* AppDelegate+nativepagetransitions.m in Sources */ = {isa = PBXBuildFile; fileRef = AFF90C8E86BC4B2884045574 /* AppDelegate+nativepagetransitions.m */; };
		C02BDF3BA50F463781C19E56 /* UIImage+CropScaleOrientation.m in Sources */ = {isa = PBXBuildFile; fileRef = 038E110398CD43F18BDC71CA /* UIImage+CropScaleOrientation.m */; };
		FFF5C69D70BD4E87BBB94D19 /* CDVCamera.m in Sources */ = {isa = PBXBuildFile; fileRef = C25F552E271A4736B2065B65 /* CDVCamera.m */; };
		AA6A501A3AA04A878495916B /* CDVJpegHeaderWriter.m in Sources */ = {isa = PBXBuildFile; fileRef = F99E0E01A4124C33BCBA7714 /* CDVJpegHeaderWriter.m */; };
		8B71F1C997CD48778CA46CF9 /* ImageIO.framework in Frameworks */ = {isa = PBXBuildFile; fileRef = 1C8A3F4B3F074ECF8406A61E /* ImageIO.framework */; settings = {ATTRIBUTES = (Weak, ); }; };
		F5FBBE3C8D7B4A0DA983230D /* CoreLocation.framework in Frameworks */ = {isa = PBXBuildFile; fileRef = 17C7A83BE5184E518534C9B0 /* CoreLocation.framework */; };
		F80D1EDB62C54878B0B0500B /* AVFoundation.framework in Frameworks */ = {isa = PBXBuildFile; fileRef = 66FB40144A6940E9A17D7571 /* AVFoundation.framework */; };
		A6919D37C3224D0A85B887C8 /* CDVDevice.m in Sources */ = {isa = PBXBuildFile; fileRef = B8DDEB3D042340D39E613A5C /* CDVDevice.m */; };
		09A039B18EC0453CA86AF12B /* libz.tbd in Frameworks */ = {isa = PBXBuildFile; fileRef = 4402027E2E7F45D8BA581EF3 /* libz.tbd */; };
		4E3069CA5E8547749B58B9FD /* FacebookConnectPlugin.m in Sources */ = {isa = PBXBuildFile; fileRef = 949C027ABCA74824AA2D1644 /* FacebookConnectPlugin.m */; };
		F3201B66DF694A188463384B /* Bolts.framework in Frameworks */ = {isa = PBXBuildFile; fileRef = F35ECC7EFC774CDCB0804E09 /* Bolts.framework */; };
		951C225E099D4B0A87F8B8B2 /* FBSDKCoreKit.framework in Frameworks */ = {isa = PBXBuildFile; fileRef = 120DC32AD2964816A785EA0E /* FBSDKCoreKit.framework */; };
		615B4FEB2D994C178D43BFBB /* FBSDKLoginKit.framework in Frameworks */ = {isa = PBXBuildFile; fileRef = D1F767023FAF4ADAA9F86C43 /* FBSDKLoginKit.framework */; };
		9B94C800301E4361B8E68C53 /* FBSDKShareKit.framework in Frameworks */ = {isa = PBXBuildFile; fileRef = 525CA5EC24284745BAC59156 /* FBSDKShareKit.framework */; };
		61804740F695494AB7FE8E4E /* CDVIonicKeyboard.m in Sources */ = {isa = PBXBuildFile; fileRef = 70F4D6C818B647B7A43232F2 /* CDVIonicKeyboard.m */; };
		BD4206F3A75C4A398D9A8F15 /* CDVWKWebViewEngine.m in Sources */ = {isa = PBXBuildFile; fileRef = 8EB1EB9B15EA4EE89EEACBEB /* CDVWKWebViewEngine.m */; };
		F124D930D2494F9EBA9680C9 /* CDVWKWebViewUIDelegate.m in Sources */ = {isa = PBXBuildFile; fileRef = BBCB173470814BC6B0D71E34 /* CDVWKWebViewUIDelegate.m */; };
		1375E8B8F3E14F5A91AA4D5D /* CDVWKProcessPoolFactory.m in Sources */ = {isa = PBXBuildFile; fileRef = A98D2764D62E463CB75063EC /* CDVWKProcessPoolFactory.m */; };
		54A1396639F94B29A2ABD2CC /* GCDWebServer.m in Sources */ = {isa = PBXBuildFile; fileRef = 7F13C1AC1D314705AAF6FCF8 /* GCDWebServer.m */; };
		DDE789A304AB41A39E43A6EE /* GCDWebServerConnection.m in Sources */ = {isa = PBXBuildFile; fileRef = 1E91D33FBC8245098CD59E8A /* GCDWebServerConnection.m */; };
		90C207F3A4B44D2F83D559D3 /* GCDWebServerFunctions.m in Sources */ = {isa = PBXBuildFile; fileRef = FACA2D46903240188F8F3DAF /* GCDWebServerFunctions.m */; };
		21E178E8237B4988A91593A9 /* GCDWebServerRequest.m in Sources */ = {isa = PBXBuildFile; fileRef = E19C42BB3DB14F36B980B5D0 /* GCDWebServerRequest.m */; };
		19F480C0127A448494883C8F /* GCDWebServerResponse.m in Sources */ = {isa = PBXBuildFile; fileRef = 9984D45C503946E19312268C /* GCDWebServerResponse.m */; };
		9B802E72B9B84DBE892A77FF /* GCDWebServerDataRequest.m in Sources */ = {isa = PBXBuildFile; fileRef = 807BEF08E6A94EF8B6553EA5 /* GCDWebServerDataRequest.m */; };
		BAF198EDBD28441182F92FFD /* GCDWebServerFileRequest.m in Sources */ = {isa = PBXBuildFile; fileRef = 07666943C794442AADF0A618 /* GCDWebServerFileRequest.m */; };
		1E6F798CD15C47D49D5BC555 /* GCDWebServerMultiPartFormRequest.m in Sources */ = {isa = PBXBuildFile; fileRef = CBD1667FAE6A4E53B5D9E488 /* GCDWebServerMultiPartFormRequest.m */; };
		0B0CDF68EA3E44069C97722B /* GCDWebServerURLEncodedFormRequest.m in Sources */ = {isa = PBXBuildFile; fileRef = 6023B27827B04262A927C48C /* GCDWebServerURLEncodedFormRequest.m */; };
		E33AB0C5FDCA49F2BE861DB4 /* GCDWebServerDataResponse.m in Sources */ = {isa = PBXBuildFile; fileRef = 82E6EFC979BC4C0DB4A1ECD9 /* GCDWebServerDataResponse.m */; };
		840536C5D27F4AE18339336E /* GCDWebServerErrorResponse.m in Sources */ = {isa = PBXBuildFile; fileRef = BB7DDD6DBCCB4096867B090B /* GCDWebServerErrorResponse.m */; };
		1F82F7C7988F4C239CC4C8D0 /* GCDWebServerFileResponse.m in Sources */ = {isa = PBXBuildFile; fileRef = 0FF0BD6EBD4E4DBA9DA2BCFC /* GCDWebServerFileResponse.m */; };
		25D8F12885F2417A9DE1CC68 /* GCDWebServerStreamedResponse.m in Sources */ = {isa = PBXBuildFile; fileRef = 1FFF809CE3BC4CD29242535D /* GCDWebServerStreamedResponse.m */; };
		2B8FF5F6EE344F22B0D8A0B3 /* WebKit.framework in Frameworks */ = {isa = PBXBuildFile; fileRef = 754710A50B054269A999CA56 /* WebKit.framework */; settings = {ATTRIBUTES = (Weak, ); }; };
		6CAC723BF3B24B4996624306 /* CDVSpinnerDialog.m in Sources */ = {isa = PBXBuildFile; fileRef = D3B281CA17B244418A9280FA /* CDVSpinnerDialog.m */; };
		39E4432CC96C402ABEA369FF /* CDVSplashScreen.m in Sources */ = {isa = PBXBuildFile; fileRef = 222E257019584AB3B202D7BE /* CDVSplashScreen.m */; };
		8371753B50354ACAA53CCF87 /* CDVViewController+SplashScreen.m in Sources */ = {isa = PBXBuildFile; fileRef = A304F106D72348F5A4B958CB /* CDVViewController+SplashScreen.m */; };
		8D2DD4D579E94508A308BC31 /* NativeStorage.m in Sources */ = {isa = PBXBuildFile; fileRef = 258A2E83912A44A4BBDF93AD /* NativeStorage.m */; };
		C326555D2EBD447B9C0B18DF /* SOSPicker.m in Sources */ = {isa = PBXBuildFile; fileRef = 442B8ECFA0204D2A93AAF73F /* SOSPicker.m */; };
		BF19C08687A040A488754950 /* UIImage+fixOrientation.m in Sources */ = {isa = PBXBuildFile; fileRef = ED6A3A98C9E34E50BB489EDB /* UIImage+fixOrientation.m */; };
		6F048AB4CE314C6F88EF90B1 /* GMAlbumsViewCell.m in Sources */ = {isa = PBXBuildFile; fileRef = 8ACF071565324D838C051B61 /* GMAlbumsViewCell.m */; };
		F29C6F2544E64641AF3FC846 /* GMAlbumsViewController.m in Sources */ = {isa = PBXBuildFile; fileRef = 0D11FA44DCC540BBB45C56D5 /* GMAlbumsViewController.m */; };
		067F34BCED794EED9B79EE2B /* GMFetchItem.m in Sources */ = {isa = PBXBuildFile; fileRef = 01FC62DB525B40ED9D618B79 /* GMFetchItem.m */; };
		658F53BB116C4433A88B311F /* GMGridViewCell.m in Sources */ = {isa = PBXBuildFile; fileRef = A97710569BD44E5D81E8475B /* GMGridViewCell.m */; };
		46469F7549CF4532B18C16F7 /* GMGridViewController.m in Sources */ = {isa = PBXBuildFile; fileRef = D8099249B5B64AC2B060CE87 /* GMGridViewController.m */; };
		83AC317861E446979501F5EA /* GMImagePickerController.m in Sources */ = {isa = PBXBuildFile; fileRef = B5917FA04ED4415CB3D90CC9 /* GMImagePickerController.m */; };
		A673B4D4D3414330901DB351 /* PSYBlockTimer.m in Sources */ = {isa = PBXBuildFile; fileRef = 36DE7D35D59843549BE625CD /* PSYBlockTimer.m */; };
		0E612EB5D91A41CB949024F8 /* GMPHAsset.m in Sources */ = {isa = PBXBuildFile; fileRef = 880FAA9A8C9C41D3891C4B6B /* GMPHAsset.m */; };
		D619C1DF3CFD46C9AC99FD14 /* GMEmptyFolder@1x.png in Resources */ = {isa = PBXBuildFile; fileRef = CA2F73AAFBFB42F89F330E3E /* GMEmptyFolder@1x.png */; };
		631C38989E0D4B8E944CFDEB /* GMEmptyFolder@2x.png in Resources */ = {isa = PBXBuildFile; fileRef = 5617C87BFA184B1DA89A87B4 /* GMEmptyFolder@2x.png */; };
		3C0524095B2C452F9BE958F0 /* GMSelected.png in Resources */ = {isa = PBXBuildFile; fileRef = 5758D2FAEF2E47A1BE7B0C5A /* GMSelected.png */; };
		6D29A53F6CAC4AF28EF870F7 /* GMSelected@2x.png in Resources */ = {isa = PBXBuildFile; fileRef = 02D5B3FE1DFC470CB260031A /* GMSelected@2x.png */; };
		014E56609A2248AFB67194B3 /* GMVideoIcon.png in Resources */ = {isa = PBXBuildFile; fileRef = 6BADCFE4E38A49A1A5609B68 /* GMVideoIcon.png */; };
		A422FE6C104547CCABCF3E00 /* GMVideoIcon@2x.png in Resources */ = {isa = PBXBuildFile; fileRef = 853D8CC5019E4C4BBFA4F619 /* GMVideoIcon@2x.png */; };
		C7E0FDC830A743159374A3C0 /* ca.lproj in Resources */ = {isa = PBXBuildFile; fileRef = 9A56C8903282443CA9D14A6C /* ca.lproj */; };
		3ADF4FE78F714B0CA9F201A5 /* de.lproj in Resources */ = {isa = PBXBuildFile; fileRef = E9A29E3950B6400FBEB90102 /* de.lproj */; };
		0262AFFAA5844542B9479581 /* en.lproj in Resources */ = {isa = PBXBuildFile; fileRef = CC000FCEFAE4414EA48E1FB0 /* en.lproj */; };
		450A59BB54494351AA45C9EF /* es.lproj in Resources */ = {isa = PBXBuildFile; fileRef = 6ED1509C48594DA28DEDA751 /* es.lproj */; };
		B1EA484C9F9340FEB8265F01 /* fr.lproj in Resources */ = {isa = PBXBuildFile; fileRef = 75175152A5334CFFB697AF28 /* fr.lproj */; };
		BBACC50614A74752BDC71196 /* it.lproj in Resources */ = {isa = PBXBuildFile; fileRef = A2E91700FD2E46E288267527 /* it.lproj */; };
		FDBEA656263A4EFA8A622995 /* pt.lproj in Resources */ = {isa = PBXBuildFile; fileRef = 0961A689340848FFA7FEC686 /* pt.lproj */; };
		BB6C2EA207954826B1C47571 /* zh-Hans.lproj in Resources */ = {isa = PBXBuildFile; fileRef = 2F3E2CC0A0A14E60809624D9 /* zh-Hans.lproj */; };
		7992C00B6E624C53A773BAD9 /* Accelerate.framework in Frameworks */ = {isa = PBXBuildFile; fileRef = 0EA362F803D44054A39EC009 /* Accelerate.framework */; };
		52AB4AA03B514359B9D5C7EB /* Security.framework in Frameworks */ = {isa = PBXBuildFile; fileRef = 8C851DAE5D5844B68E504BC3 /* Security.framework */; };
		811705C2E93B4A6AAFA22315 /* Photos.framework in Frameworks */ = {isa = PBXBuildFile; fileRef = 50A845DB194F40B894996780 /* Photos.framework */; };
		6AF0736A839341DB81272312 /* SystemConfiguration.framework in Frameworks */ = {isa = PBXBuildFile; fileRef = 39AEBF1B9C47438BB2E90F6F /* SystemConfiguration.framework */; };
		ABFFC9CB88C241D3809C979F /* QuartzCore.framework in Frameworks */ = {isa = PBXBuildFile; fileRef = 2C293551FD0848518F1F5327 /* QuartzCore.framework */; };
/* End PBXBuildFile section */

/* Begin PBXContainerItemProxy section */
		301BF534109A57CC0062928A /* PBXContainerItemProxy */ = {
			isa = PBXContainerItemProxy;
			containerPortal = 301BF52D109A57CC0062928A /* CordovaLib.xcodeproj */;
			proxyType = 2;
			remoteGlobalIDString = D2AAC07E0554694100DB518D;
			remoteInfo = CordovaLib;
		};
		301BF550109A68C00062928A /* PBXContainerItemProxy */ = {
			isa = PBXContainerItemProxy;
			containerPortal = 301BF52D109A57CC0062928A /* CordovaLib.xcodeproj */;
			proxyType = 1;
			remoteGlobalIDString = D2AAC07D0554694100DB518D;
			remoteInfo = CordovaLib;
		};
/* End PBXContainerItemProxy section */

/* Begin PBXFileReference section */
		0207DA571B56EA530066E2B4 /* Images.xcassets */ = {isa = PBXFileReference; lastKnownFileType = folder.assetcatalog; name = Images.xcassets; path = "WeModels/Images.xcassets"; sourceTree = SOURCE_ROOT; };
		1D3623240D0F684500981E51 /* AppDelegate.h */ = {isa = PBXFileReference; fileEncoding = 4; lastKnownFileType = sourcecode.c.h; path = AppDelegate.h; sourceTree = "<group>"; };
		1D3623250D0F684500981E51 /* AppDelegate.m */ = {isa = PBXFileReference; fileEncoding = 4; lastKnownFileType = sourcecode.c.objc; path = AppDelegate.m; sourceTree = "<group>"; };
		1D6058910D05DD3D006BFB54 /* WeModels.app */ = {isa = PBXFileReference; explicitFileType = wrapper.application; includeInIndex = 0; path = "WeModels.app"; sourceTree = BUILT_PRODUCTS_DIR; };
		29B97316FDCFA39411CA2CEA /* main.m */ = {isa = PBXFileReference; fileEncoding = 4; lastKnownFileType = sourcecode.c.objc; path = main.m; sourceTree = "<group>"; };
		301BF52D109A57CC0062928A /* CordovaLib.xcodeproj */ = {isa = PBXFileReference; lastKnownFileType = "wrapper.pb-project"; path = CordovaLib/CordovaLib.xcodeproj; sourceTree = "<group>"; };
		301BF56E109A69640062928A /* www */ = {isa = PBXFileReference; lastKnownFileType = folder; path = www; sourceTree = SOURCE_ROOT; };
		302D95EE14D2391D003F00A1 /* MainViewController.h */ = {isa = PBXFileReference; fileEncoding = 4; lastKnownFileType = sourcecode.c.h; path = MainViewController.h; sourceTree = "<group>"; };
		302D95EF14D2391D003F00A1 /* MainViewController.m */ = {isa = PBXFileReference; fileEncoding = 4; lastKnownFileType = sourcecode.c.objc; path = MainViewController.m; sourceTree = "<group>"; };
		302D95F014D2391D003F00A1 /* MainViewController.xib */ = {isa = PBXFileReference; fileEncoding = 4; lastKnownFileType = file.xib; path = MainViewController.xib; sourceTree = "<group>"; };
		3047A50F1AB8059700498E2A /* build-debug.xcconfig */ = {isa = PBXFileReference; fileEncoding = 4; lastKnownFileType = text.xcconfig; name = "build-debug.xcconfig"; path = cordova/build-debug.xcconfig; sourceTree = SOURCE_ROOT; };
		3047A5101AB8059700498E2A /* build-release.xcconfig */ = {isa = PBXFileReference; fileEncoding = 4; lastKnownFileType = text.xcconfig; name = "build-release.xcconfig"; path = cordova/build-release.xcconfig; sourceTree = SOURCE_ROOT; };
		3047A5111AB8059700498E2A /* build.xcconfig */ = {isa = PBXFileReference; fileEncoding = 4; lastKnownFileType = text.xcconfig; name = build.xcconfig; path = cordova/build.xcconfig; sourceTree = SOURCE_ROOT; };
		32CA4F630368D1EE00C91783 /* WeModels-Prefix.pch */ = {isa = PBXFileReference; fileEncoding = 4; lastKnownFileType = sourcecode.c.h; path = "WeModels-Prefix.pch"; sourceTree = "<group>"; };
		6AFF5BF81D6E424B00AB3073 /* CDVLaunchScreen.storyboard */ = {isa = PBXFileReference; fileEncoding = 4; lastKnownFileType = file.storyboard; name = CDVLaunchScreen.storyboard; path = "WeModels/CDVLaunchScreen.storyboard"; sourceTree = SOURCE_ROOT; };
		8D1107310486CEB800E47090 /* WeModels-Info.plist */ = {isa = PBXFileReference; fileEncoding = 4; lastKnownFileType = text.plist.xml; name = "WeModels-Info.plist"; path = "WeModels/WeModels-Info.plist"; plistStructureDefinitionIdentifier = "com.apple.xcode.plist.structure-definition.iphone.info-plist"; sourceTree = SOURCE_ROOT; };
		EB87FDF31871DA8E0020F90C /* www */ = {isa = PBXFileReference; lastKnownFileType = folder; name = www; path = ../../www; sourceTree = "<group>"; };
		EB87FDF41871DAF40020F90C /* config.xml */ = {isa = PBXFileReference; lastKnownFileType = text.xml; name = config.xml; path = ../../config.xml; sourceTree = "<group>"; };
		F840E1F0165FE0F500CFE078 /* config.xml */ = {isa = PBXFileReference; lastKnownFileType = text.xml; name = config.xml; path = "WeModels/config.xml"; sourceTree = "<group>"; };
		ED33DF2A687741AEAF9F8254 /* Bridging-Header.h */ = {isa = PBXFileReference; fileEncoding = 4; lastKnownFileType = sourcecode.c.h; name = "Bridging-Header.h"; path = "Bridging-Header.h"; sourceTree = "<group>"; };
		E24ACCF32E424714BDC69B3F /* NativePageTransitions.m */ = {isa = PBXFileReference; name = "NativePageTransitions.m"; path = "com.telerik.plugins.nativepagetransitions/NativePageTransitions.m"; sourceTree = "<group>"; fileEncoding = 4; lastKnownFileType = sourcecode.c.objc; explicitFileType = undefined; includeInIndex = 0; };
		AFF90C8E86BC4B2884045574 /* AppDelegate+nativepagetransitions.m */ = {isa = PBXFileReference; name = "AppDelegate+nativepagetransitions.m"; path = "com.telerik.plugins.nativepagetransitions/AppDelegate+nativepagetransitions.m"; sourceTree = "<group>"; fileEncoding = 4; lastKnownFileType = sourcecode.c.objc; explicitFileType = undefined; includeInIndex = 0; };
		EDE6EC41C87649ED9BFCE53F /* NativePageTransitions.h */ = {isa = PBXFileReference; name = "NativePageTransitions.h"; path = "com.telerik.plugins.nativepagetransitions/NativePageTransitions.h"; sourceTree = "<group>"; fileEncoding = 4; lastKnownFileType = sourcecode.c.h; explicitFileType = undefined; includeInIndex = 0; };
		98B17D8CE6BE4E2EB9C2DB8E /* AppDelegate+nativepagetransitions.h */ = {isa = PBXFileReference; name = "AppDelegate+nativepagetransitions.h"; path = "com.telerik.plugins.nativepagetransitions/AppDelegate+nativepagetransitions.h"; sourceTree = "<group>"; fileEncoding = 4; lastKnownFileType = sourcecode.c.h; explicitFileType = undefined; includeInIndex = 0; };
		038E110398CD43F18BDC71CA /* UIImage+CropScaleOrientation.m */ = {isa = PBXFileReference; name = "UIImage+CropScaleOrientation.m"; path = "cordova-plugin-camera/UIImage+CropScaleOrientation.m"; sourceTree = "<group>"; fileEncoding = 4; lastKnownFileType = sourcecode.c.objc; explicitFileType = undefined; includeInIndex = 0; };
		C25F552E271A4736B2065B65 /* CDVCamera.m */ = {isa = PBXFileReference; name = "CDVCamera.m"; path = "cordova-plugin-camera/CDVCamera.m"; sourceTree = "<group>"; fileEncoding = 4; lastKnownFileType = sourcecode.c.objc; explicitFileType = undefined; includeInIndex = 0; };
		F99E0E01A4124C33BCBA7714 /* CDVJpegHeaderWriter.m */ = {isa = PBXFileReference; name = "CDVJpegHeaderWriter.m"; path = "cordova-plugin-camera/CDVJpegHeaderWriter.m"; sourceTree = "<group>"; fileEncoding = 4; lastKnownFileType = sourcecode.c.objc; explicitFileType = undefined; includeInIndex = 0; };
		D382EEC2AF94489DB19C12EC /* UIImage+CropScaleOrientation.h */ = {isa = PBXFileReference; name = "UIImage+CropScaleOrientation.h"; path = "cordova-plugin-camera/UIImage+CropScaleOrientation.h"; sourceTree = "<group>"; fileEncoding = 4; lastKnownFileType = sourcecode.c.h; explicitFileType = undefined; includeInIndex = 0; };
		96CFDA53125348918D44C950 /* CDVCamera.h */ = {isa = PBXFileReference; name = "CDVCamera.h"; path = "cordova-plugin-camera/CDVCamera.h"; sourceTree = "<group>"; fileEncoding = 4; lastKnownFileType = sourcecode.c.h; explicitFileType = undefined; includeInIndex = 0; };
		EB627EB5E9E04ACF934C9F39 /* CDVJpegHeaderWriter.h */ = {isa = PBXFileReference; name = "CDVJpegHeaderWriter.h"; path = "cordova-plugin-camera/CDVJpegHeaderWriter.h"; sourceTree = "<group>"; fileEncoding = 4; lastKnownFileType = sourcecode.c.h; explicitFileType = undefined; includeInIndex = 0; };
		B72BB9B7D8ED406C933F8582 /* CDVExif.h */ = {isa = PBXFileReference; name = "CDVExif.h"; path = "cordova-plugin-camera/CDVExif.h"; sourceTree = "<group>"; fileEncoding = 4; lastKnownFileType = sourcecode.c.h; explicitFileType = undefined; includeInIndex = 0; };
		1C8A3F4B3F074ECF8406A61E /* ImageIO.framework */ = {isa = PBXFileReference; name = "ImageIO.framework"; path = "System/Library/Frameworks/ImageIO.framework"; sourceTree = SDKROOT; fileEncoding = undefined; lastKnownFileType = wrapper.framework; explicitFileType = undefined; includeInIndex = 0; };
		17C7A83BE5184E518534C9B0 /* CoreLocation.framework */ = {isa = PBXFileReference; name = "CoreLocation.framework"; path = "System/Library/Frameworks/CoreLocation.framework"; sourceTree = SDKROOT; fileEncoding = undefined; lastKnownFileType = wrapper.framework; explicitFileType = undefined; includeInIndex = 0; };
		66FB40144A6940E9A17D7571 /* AVFoundation.framework */ = {isa = PBXFileReference; name = "AVFoundation.framework"; path = "System/Library/Frameworks/AVFoundation.framework"; sourceTree = SDKROOT; fileEncoding = undefined; lastKnownFileType = wrapper.framework; explicitFileType = undefined; includeInIndex = 0; };
		B8DDEB3D042340D39E613A5C /* CDVDevice.m */ = {isa = PBXFileReference; name = "CDVDevice.m"; path = "cordova-plugin-device/CDVDevice.m"; sourceTree = "<group>"; fileEncoding = 4; lastKnownFileType = sourcecode.c.objc; explicitFileType = undefined; includeInIndex = 0; };
		EBA1A485AB6442BB86BAA078 /* CDVDevice.h */ = {isa = PBXFileReference; name = "CDVDevice.h"; path = "cordova-plugin-device/CDVDevice.h"; sourceTree = "<group>"; fileEncoding = 4; lastKnownFileType = sourcecode.c.h; explicitFileType = undefined; includeInIndex = 0; };
		4402027E2E7F45D8BA581EF3 /* libz.tbd */ = {isa = PBXFileReference; name = "libz.tbd"; path = "usr/lib/libz.tbd"; sourceTree = SDKROOT; fileEncoding = undefined; lastKnownFileType = sourcecode.text-based-dylib-definition; explicitFileType = undefined; includeInIndex = 0; };
		949C027ABCA74824AA2D1644 /* FacebookConnectPlugin.m */ = {isa = PBXFileReference; name = "FacebookConnectPlugin.m"; path = "cordova-plugin-facebook4/FacebookConnectPlugin.m"; sourceTree = "<group>"; fileEncoding = 4; lastKnownFileType = sourcecode.c.objc; explicitFileType = undefined; includeInIndex = 0; };
		ECCAE913F38E4675A8E4067C /* FacebookConnectPlugin.h */ = {isa = PBXFileReference; name = "FacebookConnectPlugin.h"; path = "cordova-plugin-facebook4/FacebookConnectPlugin.h"; sourceTree = "<group>"; fileEncoding = 4; lastKnownFileType = sourcecode.c.h; explicitFileType = undefined; includeInIndex = 0; };
		F35ECC7EFC774CDCB0804E09 /* Bolts.framework */ = {isa = PBXFileReference; name = "Bolts.framework"; path = "WeModels/Plugins/cordova-plugin-facebook4/Bolts.framework"; sourceTree = "<group>"; fileEncoding = undefined; lastKnownFileType = wrapper.framework; explicitFileType = undefined; includeInIndex = 0; };
		120DC32AD2964816A785EA0E /* FBSDKCoreKit.framework */ = {isa = PBXFileReference; name = "FBSDKCoreKit.framework"; path = "WeModels/Plugins/cordova-plugin-facebook4/FBSDKCoreKit.framework"; sourceTree = "<group>"; fileEncoding = undefined; lastKnownFileType = wrapper.framework; explicitFileType = undefined; includeInIndex = 0; };
		D1F767023FAF4ADAA9F86C43 /* FBSDKLoginKit.framework */ = {isa = PBXFileReference; name = "FBSDKLoginKit.framework"; path = "WeModels/Plugins/cordova-plugin-facebook4/FBSDKLoginKit.framework"; sourceTree = "<group>"; fileEncoding = undefined; lastKnownFileType = wrapper.framework; explicitFileType = undefined; includeInIndex = 0; };
		525CA5EC24284745BAC59156 /* FBSDKShareKit.framework */ = {isa = PBXFileReference; name = "FBSDKShareKit.framework"; path = "WeModels/Plugins/cordova-plugin-facebook4/FBSDKShareKit.framework"; sourceTree = "<group>"; fileEncoding = undefined; lastKnownFileType = wrapper.framework; explicitFileType = undefined; includeInIndex = 0; };
		70F4D6C818B647B7A43232F2 /* CDVIonicKeyboard.m */ = {isa = PBXFileReference; name = "CDVIonicKeyboard.m"; path = "cordova-plugin-ionic-keyboard/CDVIonicKeyboard.m"; sourceTree = "<group>"; fileEncoding = 4; lastKnownFileType = sourcecode.c.objc; explicitFileType = undefined; includeInIndex = 0; };
		2D854359CF974712991E2660 /* CDVIonicKeyboard.h */ = {isa = PBXFileReference; name = "CDVIonicKeyboard.h"; path = "cordova-plugin-ionic-keyboard/CDVIonicKeyboard.h"; sourceTree = "<group>"; fileEncoding = 4; lastKnownFileType = sourcecode.c.h; explicitFileType = undefined; includeInIndex = 0; };
		8EB1EB9B15EA4EE89EEACBEB /* CDVWKWebViewEngine.m */ = {isa = PBXFileReference; name = "CDVWKWebViewEngine.m"; path = "cordova-plugin-ionic-webview/CDVWKWebViewEngine.m"; sourceTree = "<group>"; fileEncoding = 4; lastKnownFileType = sourcecode.c.objc; explicitFileType = undefined; includeInIndex = 0; };
		BBCB173470814BC6B0D71E34 /* CDVWKWebViewUIDelegate.m */ = {isa = PBXFileReference; name = "CDVWKWebViewUIDelegate.m"; path = "cordova-plugin-ionic-webview/CDVWKWebViewUIDelegate.m"; sourceTree = "<group>"; fileEncoding = 4; lastKnownFileType = sourcecode.c.objc; explicitFileType = undefined; includeInIndex = 0; };
		A98D2764D62E463CB75063EC /* CDVWKProcessPoolFactory.m */ = {isa = PBXFileReference; name = "CDVWKProcessPoolFactory.m"; path = "cordova-plugin-ionic-webview/CDVWKProcessPoolFactory.m"; sourceTree = "<group>"; fileEncoding = 4; lastKnownFileType = sourcecode.c.objc; explicitFileType = undefined; includeInIndex = 0; };
		7F13C1AC1D314705AAF6FCF8 /* GCDWebServer.m */ = {isa = PBXFileReference; name = "GCDWebServer.m"; path = "cordova-plugin-ionic-webview/GCDWebServer.m"; sourceTree = "<group>"; fileEncoding = 4; lastKnownFileType = sourcecode.c.objc; explicitFileType = undefined; includeInIndex = 0; };
		1E91D33FBC8245098CD59E8A /* GCDWebServerConnection.m */ = {isa = PBXFileReference; name = "GCDWebServerConnection.m"; path = "cordova-plugin-ionic-webview/GCDWebServerConnection.m"; sourceTree = "<group>"; fileEncoding = 4; lastKnownFileType = sourcecode.c.objc; explicitFileType = undefined; includeInIndex = 0; };
		FACA2D46903240188F8F3DAF /* GCDWebServerFunctions.m */ = {isa = PBXFileReference; name = "GCDWebServerFunctions.m"; path = "cordova-plugin-ionic-webview/GCDWebServerFunctions.m"; sourceTree = "<group>"; fileEncoding = 4; lastKnownFileType = sourcecode.c.objc; explicitFileType = undefined; includeInIndex = 0; };
		E19C42BB3DB14F36B980B5D0 /* GCDWebServerRequest.m */ = {isa = PBXFileReference; name = "GCDWebServerRequest.m"; path = "cordova-plugin-ionic-webview/GCDWebServerRequest.m"; sourceTree = "<group>"; fileEncoding = 4; lastKnownFileType = sourcecode.c.objc; explicitFileType = undefined; includeInIndex = 0; };
		9984D45C503946E19312268C /* GCDWebServerResponse.m */ = {isa = PBXFileReference; name = "GCDWebServerResponse.m"; path = "cordova-plugin-ionic-webview/GCDWebServerResponse.m"; sourceTree = "<group>"; fileEncoding = 4; lastKnownFileType = sourcecode.c.objc; explicitFileType = undefined; includeInIndex = 0; };
		807BEF08E6A94EF8B6553EA5 /* GCDWebServerDataRequest.m */ = {isa = PBXFileReference; name = "GCDWebServerDataRequest.m"; path = "cordova-plugin-ionic-webview/GCDWebServerDataRequest.m"; sourceTree = "<group>"; fileEncoding = 4; lastKnownFileType = sourcecode.c.objc; explicitFileType = undefined; includeInIndex = 0; };
		07666943C794442AADF0A618 /* GCDWebServerFileRequest.m */ = {isa = PBXFileReference; name = "GCDWebServerFileRequest.m"; path = "cordova-plugin-ionic-webview/GCDWebServerFileRequest.m"; sourceTree = "<group>"; fileEncoding = 4; lastKnownFileType = sourcecode.c.objc; explicitFileType = undefined; includeInIndex = 0; };
		CBD1667FAE6A4E53B5D9E488 /* GCDWebServerMultiPartFormRequest.m */ = {isa = PBXFileReference; name = "GCDWebServerMultiPartFormRequest.m"; path = "cordova-plugin-ionic-webview/GCDWebServerMultiPartFormRequest.m"; sourceTree = "<group>"; fileEncoding = 4; lastKnownFileType = sourcecode.c.objc; explicitFileType = undefined; includeInIndex = 0; };
		6023B27827B04262A927C48C /* GCDWebServerURLEncodedFormRequest.m */ = {isa = PBXFileReference; name = "GCDWebServerURLEncodedFormRequest.m"; path = "cordova-plugin-ionic-webview/GCDWebServerURLEncodedFormRequest.m"; sourceTree = "<group>"; fileEncoding = 4; lastKnownFileType = sourcecode.c.objc; explicitFileType = undefined; includeInIndex = 0; };
		82E6EFC979BC4C0DB4A1ECD9 /* GCDWebServerDataResponse.m */ = {isa = PBXFileReference; name = "GCDWebServerDataResponse.m"; path = "cordova-plugin-ionic-webview/GCDWebServerDataResponse.m"; sourceTree = "<group>"; fileEncoding = 4; lastKnownFileType = sourcecode.c.objc; explicitFileType = undefined; includeInIndex = 0; };
		BB7DDD6DBCCB4096867B090B /* GCDWebServerErrorResponse.m */ = {isa = PBXFileReference; name = "GCDWebServerErrorResponse.m"; path = "cordova-plugin-ionic-webview/GCDWebServerErrorResponse.m"; sourceTree = "<group>"; fileEncoding = 4; lastKnownFileType = sourcecode.c.objc; explicitFileType = undefined; includeInIndex = 0; };
		0FF0BD6EBD4E4DBA9DA2BCFC /* GCDWebServerFileResponse.m */ = {isa = PBXFileReference; name = "GCDWebServerFileResponse.m"; path = "cordova-plugin-ionic-webview/GCDWebServerFileResponse.m"; sourceTree = "<group>"; fileEncoding = 4; lastKnownFileType = sourcecode.c.objc; explicitFileType = undefined; includeInIndex = 0; };
		1FFF809CE3BC4CD29242535D /* GCDWebServerStreamedResponse.m */ = {isa = PBXFileReference; name = "GCDWebServerStreamedResponse.m"; path = "cordova-plugin-ionic-webview/GCDWebServerStreamedResponse.m"; sourceTree = "<group>"; fileEncoding = 4; lastKnownFileType = sourcecode.c.objc; explicitFileType = undefined; includeInIndex = 0; };
		E4C38AAC03334AD88922DED2 /* CDVWKWebViewEngine.h */ = {isa = PBXFileReference; name = "CDVWKWebViewEngine.h"; path = "cordova-plugin-ionic-webview/CDVWKWebViewEngine.h"; sourceTree = "<group>"; fileEncoding = 4; lastKnownFileType = sourcecode.c.h; explicitFileType = undefined; includeInIndex = 0; };
		8CDC85393D214AD3B7B53432 /* CDVWKWebViewUIDelegate.h */ = {isa = PBXFileReference; name = "CDVWKWebViewUIDelegate.h"; path = "cordova-plugin-ionic-webview/CDVWKWebViewUIDelegate.h"; sourceTree = "<group>"; fileEncoding = 4; lastKnownFileType = sourcecode.c.h; explicitFileType = undefined; includeInIndex = 0; };
		470609A8D6C64CEBA900D9AA /* CDVWKProcessPoolFactory.h */ = {isa = PBXFileReference; name = "CDVWKProcessPoolFactory.h"; path = "cordova-plugin-ionic-webview/CDVWKProcessPoolFactory.h"; sourceTree = "<group>"; fileEncoding = 4; lastKnownFileType = sourcecode.c.h; explicitFileType = undefined; includeInIndex = 0; };
		5552653DF497422180537C3E /* GCDWebServer.h */ = {isa = PBXFileReference; name = "GCDWebServer.h"; path = "cordova-plugin-ionic-webview/GCDWebServer.h"; sourceTree = "<group>"; fileEncoding = 4; lastKnownFileType = sourcecode.c.h; explicitFileType = undefined; includeInIndex = 0; };
		9B7B88D3F1AB4874BBE31768 /* GCDWebServerConnection.h */ = {isa = PBXFileReference; name = "GCDWebServerConnection.h"; path = "cordova-plugin-ionic-webview/GCDWebServerConnection.h"; sourceTree = "<group>"; fileEncoding = 4; lastKnownFileType = sourcecode.c.h; explicitFileType = undefined; includeInIndex = 0; };
		FA504C58EAAB4546906D742E /* GCDWebServerFunctions.h */ = {isa = PBXFileReference; name = "GCDWebServerFunctions.h"; path = "cordova-plugin-ionic-webview/GCDWebServerFunctions.h"; sourceTree = "<group>"; fileEncoding = 4; lastKnownFileType = sourcecode.c.h; explicitFileType = undefined; includeInIndex = 0; };
		1F520C26861F4B79A4A8874C /* GCDWebServerHTTPStatusCodes.h */ = {isa = PBXFileReference; name = "GCDWebServerHTTPStatusCodes.h"; path = "cordova-plugin-ionic-webview/GCDWebServerHTTPStatusCodes.h"; sourceTree = "<group>"; fileEncoding = 4; lastKnownFileType = sourcecode.c.h; explicitFileType = undefined; includeInIndex = 0; };
		11628BEA6D534D92AB95B513 /* GCDWebServerPrivate.h */ = {isa = PBXFileReference; name = "GCDWebServerPrivate.h"; path = "cordova-plugin-ionic-webview/GCDWebServerPrivate.h"; sourceTree = "<group>"; fileEncoding = 4; lastKnownFileType = sourcecode.c.h; explicitFileType = undefined; includeInIndex = 0; };
		205485626311447F8C296D03 /* GCDWebServerRequest.h */ = {isa = PBXFileReference; name = "GCDWebServerRequest.h"; path = "cordova-plugin-ionic-webview/GCDWebServerRequest.h"; sourceTree = "<group>"; fileEncoding = 4; lastKnownFileType = sourcecode.c.h; explicitFileType = undefined; includeInIndex = 0; };
		30F0CBD4C21041E6931623A0 /* GCDWebServerResponse.h */ = {isa = PBXFileReference; name = "GCDWebServerResponse.h"; path = "cordova-plugin-ionic-webview/GCDWebServerResponse.h"; sourceTree = "<group>"; fileEncoding = 4; lastKnownFileType = sourcecode.c.h; explicitFileType = undefined; includeInIndex = 0; };
		344845D5A46141A5BFA4E76F /* GCDWebServerDataRequest.h */ = {isa = PBXFileReference; name = "GCDWebServerDataRequest.h"; path = "cordova-plugin-ionic-webview/GCDWebServerDataRequest.h"; sourceTree = "<group>"; fileEncoding = 4; lastKnownFileType = sourcecode.c.h; explicitFileType = undefined; includeInIndex = 0; };
		27C19D1866434F7E8823AA17 /* GCDWebServerFileRequest.h */ = {isa = PBXFileReference; name = "GCDWebServerFileRequest.h"; path = "cordova-plugin-ionic-webview/GCDWebServerFileRequest.h"; sourceTree = "<group>"; fileEncoding = 4; lastKnownFileType = sourcecode.c.h; explicitFileType = undefined; includeInIndex = 0; };
		45BA8EF1A3A140F19FCBA544 /* GCDWebServerMultiPartFormRequest.h */ = {isa = PBXFileReference; name = "GCDWebServerMultiPartFormRequest.h"; path = "cordova-plugin-ionic-webview/GCDWebServerMultiPartFormRequest.h"; sourceTree = "<group>"; fileEncoding = 4; lastKnownFileType = sourcecode.c.h; explicitFileType = undefined; includeInIndex = 0; };
		B34204460D3946DFAF2D727D /* GCDWebServerURLEncodedFormRequest.h */ = {isa = PBXFileReference; name = "GCDWebServerURLEncodedFormRequest.h"; path = "cordova-plugin-ionic-webview/GCDWebServerURLEncodedFormRequest.h"; sourceTree = "<group>"; fileEncoding = 4; lastKnownFileType = sourcecode.c.h; explicitFileType = undefined; includeInIndex = 0; };
		95CF868D64AE46C7B4524846 /* GCDWebServerDataResponse.h */ = {isa = PBXFileReference; name = "GCDWebServerDataResponse.h"; path = "cordova-plugin-ionic-webview/GCDWebServerDataResponse.h"; sourceTree = "<group>"; fileEncoding = 4; lastKnownFileType = sourcecode.c.h; explicitFileType = undefined; includeInIndex = 0; };
		CCF9CCDDE8B64D98B84F45D4 /* GCDWebServerErrorResponse.h */ = {isa = PBXFileReference; name = "GCDWebServerErrorResponse.h"; path = "cordova-plugin-ionic-webview/GCDWebServerErrorResponse.h"; sourceTree = "<group>"; fileEncoding = 4; lastKnownFileType = sourcecode.c.h; explicitFileType = undefined; includeInIndex = 0; };
		AC81A6DE89144DF7A627CDEA /* GCDWebServerFileResponse.h */ = {isa = PBXFileReference; name = "GCDWebServerFileResponse.h"; path = "cordova-plugin-ionic-webview/GCDWebServerFileResponse.h"; sourceTree = "<group>"; fileEncoding = 4; lastKnownFileType = sourcecode.c.h; explicitFileType = undefined; includeInIndex = 0; };
		E7A77D49672C4B6D8410ACBF /* GCDWebServerStreamedResponse.h */ = {isa = PBXFileReference; name = "GCDWebServerStreamedResponse.h"; path = "cordova-plugin-ionic-webview/GCDWebServerStreamedResponse.h"; sourceTree = "<group>"; fileEncoding = 4; lastKnownFileType = sourcecode.c.h; explicitFileType = undefined; includeInIndex = 0; };
		754710A50B054269A999CA56 /* WebKit.framework */ = {isa = PBXFileReference; name = "WebKit.framework"; path = "System/Library/Frameworks/WebKit.framework"; sourceTree = SDKROOT; fileEncoding = undefined; lastKnownFileType = wrapper.framework; explicitFileType = undefined; includeInIndex = 0; };
		D3B281CA17B244418A9280FA /* CDVSpinnerDialog.m */ = {isa = PBXFileReference; name = "CDVSpinnerDialog.m"; path = "cordova-plugin-native-spinner/CDVSpinnerDialog.m"; sourceTree = "<group>"; fileEncoding = 4; lastKnownFileType = sourcecode.c.objc; explicitFileType = undefined; includeInIndex = 0; };
		3FA4806C3F5A4037B94F673A /* CDVSpinnerDialog.h */ = {isa = PBXFileReference; name = "CDVSpinnerDialog.h"; path = "cordova-plugin-native-spinner/CDVSpinnerDialog.h"; sourceTree = "<group>"; fileEncoding = 4; lastKnownFileType = sourcecode.c.h; explicitFileType = undefined; includeInIndex = 0; };
		222E257019584AB3B202D7BE /* CDVSplashScreen.m */ = {isa = PBXFileReference; name = "CDVSplashScreen.m"; path = "cordova-plugin-splashscreen/CDVSplashScreen.m"; sourceTree = "<group>"; fileEncoding = 4; lastKnownFileType = sourcecode.c.objc; explicitFileType = undefined; includeInIndex = 0; };
		A304F106D72348F5A4B958CB /* CDVViewController+SplashScreen.m */ = {isa = PBXFileReference; name = "CDVViewController+SplashScreen.m"; path = "cordova-plugin-splashscreen/CDVViewController+SplashScreen.m"; sourceTree = "<group>"; fileEncoding = 4; lastKnownFileType = sourcecode.c.objc; explicitFileType = undefined; includeInIndex = 0; };
		1D62ACCFC64D47D3B227B927 /* CDVSplashScreen.h */ = {isa = PBXFileReference; name = "CDVSplashScreen.h"; path = "cordova-plugin-splashscreen/CDVSplashScreen.h"; sourceTree = "<group>"; fileEncoding = 4; lastKnownFileType = sourcecode.c.h; explicitFileType = undefined; includeInIndex = 0; };
		2ECD800B3BD34DC59849E8E8 /* CDVViewController+SplashScreen.h */ = {isa = PBXFileReference; name = "CDVViewController+SplashScreen.h"; path = "cordova-plugin-splashscreen/CDVViewController+SplashScreen.h"; sourceTree = "<group>"; fileEncoding = 4; lastKnownFileType = sourcecode.c.h; explicitFileType = undefined; includeInIndex = 0; };
		258A2E83912A44A4BBDF93AD /* NativeStorage.m */ = {isa = PBXFileReference; name = "NativeStorage.m"; path = "cordova-plugin-nativestorage/NativeStorage.m"; sourceTree = "<group>"; fileEncoding = 4; lastKnownFileType = sourcecode.c.objc; explicitFileType = undefined; includeInIndex = 0; };
		945B9F6D77BA49ED8526E843 /* NativeStorage.h */ = {isa = PBXFileReference; name = "NativeStorage.h"; path = "cordova-plugin-nativestorage/NativeStorage.h"; sourceTree = "<group>"; fileEncoding = 4; lastKnownFileType = sourcecode.c.h; explicitFileType = undefined; includeInIndex = 0; };
		442B8ECFA0204D2A93AAF73F /* SOSPicker.m */ = {isa = PBXFileReference; name = "SOSPicker.m"; path = "com.synconset.imagepicker/SOSPicker.m"; sourceTree = "<group>"; fileEncoding = 4; lastKnownFileType = sourcecode.c.objc; explicitFileType = undefined; includeInIndex = 0; };
		ED6A3A98C9E34E50BB489EDB /* UIImage+fixOrientation.m */ = {isa = PBXFileReference; name = "UIImage+fixOrientation.m"; path = "com.synconset.imagepicker/UIImage+fixOrientation.m"; sourceTree = "<group>"; fileEncoding = 4; lastKnownFileType = sourcecode.c.objc; explicitFileType = undefined; includeInIndex = 0; };
		8ACF071565324D838C051B61 /* GMAlbumsViewCell.m */ = {isa = PBXFileReference; name = "GMAlbumsViewCell.m"; path = "com.synconset.imagepicker/GMAlbumsViewCell.m"; sourceTree = "<group>"; fileEncoding = 4; lastKnownFileType = sourcecode.c.objc; explicitFileType = undefined; includeInIndex = 0; };
		0D11FA44DCC540BBB45C56D5 /* GMAlbumsViewController.m */ = {isa = PBXFileReference; name = "GMAlbumsViewController.m"; path = "com.synconset.imagepicker/GMAlbumsViewController.m"; sourceTree = "<group>"; fileEncoding = 4; lastKnownFileType = sourcecode.c.objc; explicitFileType = undefined; includeInIndex = 0; };
		01FC62DB525B40ED9D618B79 /* GMFetchItem.m */ = {isa = PBXFileReference; name = "GMFetchItem.m"; path = "com.synconset.imagepicker/GMFetchItem.m"; sourceTree = "<group>"; fileEncoding = 4; lastKnownFileType = sourcecode.c.objc; explicitFileType = undefined; includeInIndex = 0; };
		A97710569BD44E5D81E8475B /* GMGridViewCell.m */ = {isa = PBXFileReference; name = "GMGridViewCell.m"; path = "com.synconset.imagepicker/GMGridViewCell.m"; sourceTree = "<group>"; fileEncoding = 4; lastKnownFileType = sourcecode.c.objc; explicitFileType = undefined; includeInIndex = 0; };
		D8099249B5B64AC2B060CE87 /* GMGridViewController.m */ = {isa = PBXFileReference; name = "GMGridViewController.m"; path = "com.synconset.imagepicker/GMGridViewController.m"; sourceTree = "<group>"; fileEncoding = 4; lastKnownFileType = sourcecode.c.objc; explicitFileType = undefined; includeInIndex = 0; };
		B5917FA04ED4415CB3D90CC9 /* GMImagePickerController.m */ = {isa = PBXFileReference; name = "GMImagePickerController.m"; path = "com.synconset.imagepicker/GMImagePickerController.m"; sourceTree = "<group>"; fileEncoding = 4; lastKnownFileType = sourcecode.c.objc; explicitFileType = undefined; includeInIndex = 0; };
		36DE7D35D59843549BE625CD /* PSYBlockTimer.m */ = {isa = PBXFileReference; name = "PSYBlockTimer.m"; path = "com.synconset.imagepicker/PSYBlockTimer.m"; sourceTree = "<group>"; fileEncoding = 4; lastKnownFileType = sourcecode.c.objc; explicitFileType = undefined; includeInIndex = 0; };
		880FAA9A8C9C41D3891C4B6B /* GMPHAsset.m */ = {isa = PBXFileReference; name = "GMPHAsset.m"; path = "com.synconset.imagepicker/GMPHAsset.m"; sourceTree = "<group>"; fileEncoding = 4; lastKnownFileType = sourcecode.c.objc; explicitFileType = undefined; includeInIndex = 0; };
		E7301AF624CD4408AA5A11A6 /* SOSPicker.h */ = {isa = PBXFileReference; name = "SOSPicker.h"; path = "com.synconset.imagepicker/SOSPicker.h"; sourceTree = "<group>"; fileEncoding = 4; lastKnownFileType = sourcecode.c.h; explicitFileType = undefined; includeInIndex = 0; };
		EAA7434F3B6241A88B345181 /* UIImage+fixOrientation.h */ = {isa = PBXFileReference; name = "UIImage+fixOrientation.h"; path = "com.synconset.imagepicker/UIImage+fixOrientation.h"; sourceTree = "<group>"; fileEncoding = 4; lastKnownFileType = sourcecode.c.h; explicitFileType = undefined; includeInIndex = 0; };
		578BA6917FAF464FA320785D /* GMAlbumsViewCell.h */ = {isa = PBXFileReference; name = "GMAlbumsViewCell.h"; path = "com.synconset.imagepicker/GMAlbumsViewCell.h"; sourceTree = "<group>"; fileEncoding = 4; lastKnownFileType = sourcecode.c.h; explicitFileType = undefined; includeInIndex = 0; };
		B6F6BAF297B845D8A01190ED /* GMAlbumsViewController.h */ = {isa = PBXFileReference; name = "GMAlbumsViewController.h"; path = "com.synconset.imagepicker/GMAlbumsViewController.h"; sourceTree = "<group>"; fileEncoding = 4; lastKnownFileType = sourcecode.c.h; explicitFileType = undefined; includeInIndex = 0; };
		4B7A7F6F5D8C4D7488AC5E0F /* GMFetchItem.h */ = {isa = PBXFileReference; name = "GMFetchItem.h"; path = "com.synconset.imagepicker/GMFetchItem.h"; sourceTree = "<group>"; fileEncoding = 4; lastKnownFileType = sourcecode.c.h; explicitFileType = undefined; includeInIndex = 0; };
		9378E18C1824455687869A16 /* GMGridViewCell.h */ = {isa = PBXFileReference; name = "GMGridViewCell.h"; path = "com.synconset.imagepicker/GMGridViewCell.h"; sourceTree = "<group>"; fileEncoding = 4; lastKnownFileType = sourcecode.c.h; explicitFileType = undefined; includeInIndex = 0; };
		6B562350A7BF4E37B694DE1D /* GMGridViewController.h */ = {isa = PBXFileReference; name = "GMGridViewController.h"; path = "com.synconset.imagepicker/GMGridViewController.h"; sourceTree = "<group>"; fileEncoding = 4; lastKnownFileType = sourcecode.c.h; explicitFileType = undefined; includeInIndex = 0; };
		9F7AE57404954468B7362431 /* GMImagePickerController.h */ = {isa = PBXFileReference; name = "GMImagePickerController.h"; path = "com.synconset.imagepicker/GMImagePickerController.h"; sourceTree = "<group>"; fileEncoding = 4; lastKnownFileType = sourcecode.c.h; explicitFileType = undefined; includeInIndex = 0; };
		BE81714D3E41453BAD58F262 /* PSYBlockTimer.h */ = {isa = PBXFileReference; name = "PSYBlockTimer.h"; path = "com.synconset.imagepicker/PSYBlockTimer.h"; sourceTree = "<group>"; fileEncoding = 4; lastKnownFileType = sourcecode.c.h; explicitFileType = undefined; includeInIndex = 0; };
		5C114CDE4F5E4E0BA7873C0A /* GMPHAsset.h */ = {isa = PBXFileReference; name = "GMPHAsset.h"; path = "com.synconset.imagepicker/GMPHAsset.h"; sourceTree = "<group>"; fileEncoding = 4; lastKnownFileType = sourcecode.c.h; explicitFileType = undefined; includeInIndex = 0; };
		CA2F73AAFBFB42F89F330E3E /* GMEmptyFolder@1x.png */ = {isa = PBXFileReference; name = "GMEmptyFolder@1x.png"; path = "GMEmptyFolder@1x.png"; sourceTree = "<group>"; fileEncoding = undefined; lastKnownFileType = unknown; explicitFileType = undefined; includeInIndex = 0; };
		5617C87BFA184B1DA89A87B4 /* GMEmptyFolder@2x.png */ = {isa = PBXFileReference; name = "GMEmptyFolder@2x.png"; path = "GMEmptyFolder@2x.png"; sourceTree = "<group>"; fileEncoding = undefined; lastKnownFileType = unknown; explicitFileType = undefined; includeInIndex = 0; };
		5758D2FAEF2E47A1BE7B0C5A /* GMSelected.png */ = {isa = PBXFileReference; name = "GMSelected.png"; path = "GMSelected.png"; sourceTree = "<group>"; fileEncoding = undefined; lastKnownFileType = unknown; explicitFileType = undefined; includeInIndex = 0; };
		02D5B3FE1DFC470CB260031A /* GMSelected@2x.png */ = {isa = PBXFileReference; name = "GMSelected@2x.png"; path = "GMSelected@2x.png"; sourceTree = "<group>"; fileEncoding = undefined; lastKnownFileType = unknown; explicitFileType = undefined; includeInIndex = 0; };
		6BADCFE4E38A49A1A5609B68 /* GMVideoIcon.png */ = {isa = PBXFileReference; name = "GMVideoIcon.png"; path = "GMVideoIcon.png"; sourceTree = "<group>"; fileEncoding = undefined; lastKnownFileType = unknown; explicitFileType = undefined; includeInIndex = 0; };
		853D8CC5019E4C4BBFA4F619 /* GMVideoIcon@2x.png */ = {isa = PBXFileReference; name = "GMVideoIcon@2x.png"; path = "GMVideoIcon@2x.png"; sourceTree = "<group>"; fileEncoding = undefined; lastKnownFileType = unknown; explicitFileType = undefined; includeInIndex = 0; };
		9A56C8903282443CA9D14A6C /* ca.lproj */ = {isa = PBXFileReference; name = "ca.lproj"; path = "ca.lproj"; sourceTree = "<group>"; fileEncoding = undefined; lastKnownFileType = unknown; explicitFileType = undefined; includeInIndex = 0; };
		E9A29E3950B6400FBEB90102 /* de.lproj */ = {isa = PBXFileReference; name = "de.lproj"; path = "de.lproj"; sourceTree = "<group>"; fileEncoding = undefined; lastKnownFileType = unknown; explicitFileType = undefined; includeInIndex = 0; };
		CC000FCEFAE4414EA48E1FB0 /* en.lproj */ = {isa = PBXFileReference; name = "en.lproj"; path = "en.lproj"; sourceTree = "<group>"; fileEncoding = undefined; lastKnownFileType = unknown; explicitFileType = undefined; includeInIndex = 0; };
		6ED1509C48594DA28DEDA751 /* es.lproj */ = {isa = PBXFileReference; name = "es.lproj"; path = "es.lproj"; sourceTree = "<group>"; fileEncoding = undefined; lastKnownFileType = unknown; explicitFileType = undefined; includeInIndex = 0; };
		75175152A5334CFFB697AF28 /* fr.lproj */ = {isa = PBXFileReference; name = "fr.lproj"; path = "fr.lproj"; sourceTree = "<group>"; fileEncoding = undefined; lastKnownFileType = unknown; explicitFileType = undefined; includeInIndex = 0; };
		A2E91700FD2E46E288267527 /* it.lproj */ = {isa = PBXFileReference; name = "it.lproj"; path = "it.lproj"; sourceTree = "<group>"; fileEncoding = undefined; lastKnownFileType = unknown; explicitFileType = undefined; includeInIndex = 0; };
		0961A689340848FFA7FEC686 /* pt.lproj */ = {isa = PBXFileReference; name = "pt.lproj"; path = "pt.lproj"; sourceTree = "<group>"; fileEncoding = undefined; lastKnownFileType = unknown; explicitFileType = undefined; includeInIndex = 0; };
		2F3E2CC0A0A14E60809624D9 /* zh-Hans.lproj */ = {isa = PBXFileReference; name = "zh-Hans.lproj"; path = "zh-Hans.lproj"; sourceTree = "<group>"; fileEncoding = undefined; lastKnownFileType = unknown; explicitFileType = undefined; includeInIndex = 0; };
		0EA362F803D44054A39EC009 /* Accelerate.framework */ = {isa = PBXFileReference; name = "Accelerate.framework"; path = "System/Library/Frameworks/Accelerate.framework"; sourceTree = SDKROOT; fileEncoding = undefined; lastKnownFileType = wrapper.framework; explicitFileType = undefined; includeInIndex = 0; };
		8C851DAE5D5844B68E504BC3 /* Security.framework */ = {isa = PBXFileReference; name = "Security.framework"; path = "System/Library/Frameworks/Security.framework"; sourceTree = SDKROOT; fileEncoding = undefined; lastKnownFileType = wrapper.framework; explicitFileType = undefined; includeInIndex = 0; };
		50A845DB194F40B894996780 /* Photos.framework */ = {isa = PBXFileReference; name = "Photos.framework"; path = "System/Library/Frameworks/Photos.framework"; sourceTree = SDKROOT; fileEncoding = undefined; lastKnownFileType = wrapper.framework; explicitFileType = undefined; includeInIndex = 0; };
		39AEBF1B9C47438BB2E90F6F /* SystemConfiguration.framework */ = {isa = PBXFileReference; name = "SystemConfiguration.framework"; path = "System/Library/Frameworks/SystemConfiguration.framework"; sourceTree = SDKROOT; fileEncoding = undefined; lastKnownFileType = wrapper.framework; explicitFileType = undefined; includeInIndex = 0; };
		2C293551FD0848518F1F5327 /* QuartzCore.framework */ = {isa = PBXFileReference; name = "QuartzCore.framework"; path = "System/Library/Frameworks/QuartzCore.framework"; sourceTree = SDKROOT; fileEncoding = undefined; lastKnownFileType = wrapper.framework; explicitFileType = undefined; includeInIndex = 0; };
/* End PBXFileReference section */

/* Begin PBXFrameworksBuildPhase section */
		1D60588F0D05DD3D006BFB54 /* Frameworks */ = {
			isa = PBXFrameworksBuildPhase;
			buildActionMask = 2147483647;
			files = (
				301BF552109A68D80062928A /* libCordova.a in Frameworks */,
				8B71F1C997CD48778CA46CF9 /* ImageIO.framework in Frameworks */,
				F5FBBE3C8D7B4A0DA983230D /* CoreLocation.framework in Frameworks */,
				F80D1EDB62C54878B0B0500B /* AVFoundation.framework in Frameworks */,
				09A039B18EC0453CA86AF12B /* libz.tbd in Frameworks */,
				F3201B66DF694A188463384B /* Bolts.framework in Frameworks */,
				951C225E099D4B0A87F8B8B2 /* FBSDKCoreKit.framework in Frameworks */,
				615B4FEB2D994C178D43BFBB /* FBSDKLoginKit.framework in Frameworks */,
				9B94C800301E4361B8E68C53 /* FBSDKShareKit.framework in Frameworks */,
				2B8FF5F6EE344F22B0D8A0B3 /* WebKit.framework in Frameworks */,
				7992C00B6E624C53A773BAD9 /* Accelerate.framework in Frameworks */,
				52AB4AA03B514359B9D5C7EB /* Security.framework in Frameworks */,
				811705C2E93B4A6AAFA22315 /* Photos.framework in Frameworks */,
				6AF0736A839341DB81272312 /* SystemConfiguration.framework in Frameworks */,
				ABFFC9CB88C241D3809C979F /* QuartzCore.framework in Frameworks */,
			);
			runOnlyForDeploymentPostprocessing = 0;
		};
/* End PBXFrameworksBuildPhase section */

/* Begin PBXGroup section */
		080E96DDFE201D6D7F000001 /* Classes */ = {
			isa = PBXGroup;
			children = (
				302D95EE14D2391D003F00A1 /* MainViewController.h */,
				302D95EF14D2391D003F00A1 /* MainViewController.m */,
				302D95F014D2391D003F00A1 /* MainViewController.xib */,
				1D3623240D0F684500981E51 /* AppDelegate.h */,
				1D3623250D0F684500981E51 /* AppDelegate.m */,
			);
			name = Classes;
			path = "WeModels/Classes";
			sourceTree = SOURCE_ROOT;
		};
		19C28FACFE9D520D11CA2CBB /* Products */ = {
			isa = PBXGroup;
			children = (
				1D6058910D05DD3D006BFB54 /* WeModels.app */,
			);
			name = Products;
			sourceTree = "<group>";
		};
		29B97314FDCFA39411CA2CEA /* CustomTemplate */ = {
			isa = PBXGroup;
			children = (
				EB87FDF41871DAF40020F90C /* config.xml */,
				EB87FDF31871DA8E0020F90C /* www */,
				EB87FDF11871DA420020F90C /* Staging */,
				301BF52D109A57CC0062928A /* CordovaLib.xcodeproj */,
				080E96DDFE201D6D7F000001 /* Classes */,
				307C750510C5A3420062BCA9 /* Plugins */,
				29B97315FDCFA39411CA2CEA /* Other Sources */,
				29B97317FDCFA39411CA2CEA /* Resources */,
				29B97323FDCFA39411CA2CEA /* Frameworks */,
				19C28FACFE9D520D11CA2CBB /* Products */,
			);
			name = CustomTemplate;
			sourceTree = "<group>";
		};
		29B97315FDCFA39411CA2CEA /* Other Sources */ = {
			isa = PBXGroup;
			children = (
				32CA4F630368D1EE00C91783 /* WeModels-Prefix.pch */,
				29B97316FDCFA39411CA2CEA /* main.m */,
				ED33DF2A687741AEAF9F8254 /* Bridging-Header.h */,
			);
			name = "Other Sources";
			path = "WeModels";
			sourceTree = "<group>";
		};
		29B97317FDCFA39411CA2CEA /* Resources */ = {
			isa = PBXGroup;
			children = (
				0207DA571B56EA530066E2B4 /* Images.xcassets */,
				3047A50E1AB8057F00498E2A /* config */,
				8D1107310486CEB800E47090 /* WeModels-Info.plist */,
				6AFF5BF81D6E424B00AB3073 /* CDVLaunchScreen.storyboard */,
				CA2F73AAFBFB42F89F330E3E /* GMEmptyFolder@1x.png */,
				5617C87BFA184B1DA89A87B4 /* GMEmptyFolder@2x.png */,
				5758D2FAEF2E47A1BE7B0C5A /* GMSelected.png */,
				02D5B3FE1DFC470CB260031A /* GMSelected@2x.png */,
				6BADCFE4E38A49A1A5609B68 /* GMVideoIcon.png */,
				853D8CC5019E4C4BBFA4F619 /* GMVideoIcon@2x.png */,
				9A56C8903282443CA9D14A6C /* ca.lproj */,
				E9A29E3950B6400FBEB90102 /* de.lproj */,
				CC000FCEFAE4414EA48E1FB0 /* en.lproj */,
				6ED1509C48594DA28DEDA751 /* es.lproj */,
				75175152A5334CFFB697AF28 /* fr.lproj */,
				A2E91700FD2E46E288267527 /* it.lproj */,
				0961A689340848FFA7FEC686 /* pt.lproj */,
				2F3E2CC0A0A14E60809624D9 /* zh-Hans.lproj */,
			);
			name = Resources;
			path = "WeModels/Resources";
			sourceTree = "<group>";
		};
		29B97323FDCFA39411CA2CEA /* Frameworks */ = {
			isa = PBXGroup;
			children = (
				1C8A3F4B3F074ECF8406A61E /* ImageIO.framework */,
				17C7A83BE5184E518534C9B0 /* CoreLocation.framework */,
				66FB40144A6940E9A17D7571 /* AVFoundation.framework */,
				4402027E2E7F45D8BA581EF3 /* libz.tbd */,
				F35ECC7EFC774CDCB0804E09 /* Bolts.framework */,
				120DC32AD2964816A785EA0E /* FBSDKCoreKit.framework */,
				D1F767023FAF4ADAA9F86C43 /* FBSDKLoginKit.framework */,
				525CA5EC24284745BAC59156 /* FBSDKShareKit.framework */,
				754710A50B054269A999CA56 /* WebKit.framework */,
				0EA362F803D44054A39EC009 /* Accelerate.framework */,
				8C851DAE5D5844B68E504BC3 /* Security.framework */,
				50A845DB194F40B894996780 /* Photos.framework */,
				39AEBF1B9C47438BB2E90F6F /* SystemConfiguration.framework */,
				2C293551FD0848518F1F5327 /* QuartzCore.framework */,
			);
			name = Frameworks;
			sourceTree = "<group>";
		};
		301BF52E109A57CC0062928A /* Products */ = {
			isa = PBXGroup;
			children = (
				301BF535109A57CC0062928A /* libCordova.a */,
			);
			name = Products;
			sourceTree = "<group>";
		};
		3047A50E1AB8057F00498E2A /* config */ = {
			isa = PBXGroup;
			children = (
				3047A50F1AB8059700498E2A /* build-debug.xcconfig */,
				3047A5101AB8059700498E2A /* build-release.xcconfig */,
				3047A5111AB8059700498E2A /* build.xcconfig */,
			);
			name = config;
			sourceTree = "<group>";
		};
		307C750510C5A3420062BCA9 /* Plugins */ = {
			isa = PBXGroup;
			children = (
				E24ACCF32E424714BDC69B3F /* NativePageTransitions.m */,
				AFF90C8E86BC4B2884045574 /* AppDelegate+nativepagetransitions.m */,
				EDE6EC41C87649ED9BFCE53F /* NativePageTransitions.h */,
				98B17D8CE6BE4E2EB9C2DB8E /* AppDelegate+nativepagetransitions.h */,
				038E110398CD43F18BDC71CA /* UIImage+CropScaleOrientation.m */,
				C25F552E271A4736B2065B65 /* CDVCamera.m */,
				F99E0E01A4124C33BCBA7714 /* CDVJpegHeaderWriter.m */,
				D382EEC2AF94489DB19C12EC /* UIImage+CropScaleOrientation.h */,
				96CFDA53125348918D44C950 /* CDVCamera.h */,
				EB627EB5E9E04ACF934C9F39 /* CDVJpegHeaderWriter.h */,
				B72BB9B7D8ED406C933F8582 /* CDVExif.h */,
				B8DDEB3D042340D39E613A5C /* CDVDevice.m */,
				EBA1A485AB6442BB86BAA078 /* CDVDevice.h */,
				949C027ABCA74824AA2D1644 /* FacebookConnectPlugin.m */,
				ECCAE913F38E4675A8E4067C /* FacebookConnectPlugin.h */,
				70F4D6C818B647B7A43232F2 /* CDVIonicKeyboard.m */,
				2D854359CF974712991E2660 /* CDVIonicKeyboard.h */,
				8EB1EB9B15EA4EE89EEACBEB /* CDVWKWebViewEngine.m */,
				BBCB173470814BC6B0D71E34 /* CDVWKWebViewUIDelegate.m */,
				A98D2764D62E463CB75063EC /* CDVWKProcessPoolFactory.m */,
				7F13C1AC1D314705AAF6FCF8 /* GCDWebServer.m */,
				1E91D33FBC8245098CD59E8A /* GCDWebServerConnection.m */,
				FACA2D46903240188F8F3DAF /* GCDWebServerFunctions.m */,
				E19C42BB3DB14F36B980B5D0 /* GCDWebServerRequest.m */,
				9984D45C503946E19312268C /* GCDWebServerResponse.m */,
				807BEF08E6A94EF8B6553EA5 /* GCDWebServerDataRequest.m */,
				07666943C794442AADF0A618 /* GCDWebServerFileRequest.m */,
				CBD1667FAE6A4E53B5D9E488 /* GCDWebServerMultiPartFormRequest.m */,
				6023B27827B04262A927C48C /* GCDWebServerURLEncodedFormRequest.m */,
				82E6EFC979BC4C0DB4A1ECD9 /* GCDWebServerDataResponse.m */,
				BB7DDD6DBCCB4096867B090B /* GCDWebServerErrorResponse.m */,
				0FF0BD6EBD4E4DBA9DA2BCFC /* GCDWebServerFileResponse.m */,
				1FFF809CE3BC4CD29242535D /* GCDWebServerStreamedResponse.m */,
				E4C38AAC03334AD88922DED2 /* CDVWKWebViewEngine.h */,
				8CDC85393D214AD3B7B53432 /* CDVWKWebViewUIDelegate.h */,
				470609A8D6C64CEBA900D9AA /* CDVWKProcessPoolFactory.h */,
				5552653DF497422180537C3E /* GCDWebServer.h */,
				9B7B88D3F1AB4874BBE31768 /* GCDWebServerConnection.h */,
				FA504C58EAAB4546906D742E /* GCDWebServerFunctions.h */,
				1F520C26861F4B79A4A8874C /* GCDWebServerHTTPStatusCodes.h */,
				11628BEA6D534D92AB95B513 /* GCDWebServerPrivate.h */,
				205485626311447F8C296D03 /* GCDWebServerRequest.h */,
				30F0CBD4C21041E6931623A0 /* GCDWebServerResponse.h */,
				344845D5A46141A5BFA4E76F /* GCDWebServerDataRequest.h */,
				27C19D1866434F7E8823AA17 /* GCDWebServerFileRequest.h */,
				45BA8EF1A3A140F19FCBA544 /* GCDWebServerMultiPartFormRequest.h */,
				B34204460D3946DFAF2D727D /* GCDWebServerURLEncodedFormRequest.h */,
				95CF868D64AE46C7B4524846 /* GCDWebServerDataResponse.h */,
				CCF9CCDDE8B64D98B84F45D4 /* GCDWebServerErrorResponse.h */,
				AC81A6DE89144DF7A627CDEA /* GCDWebServerFileResponse.h */,
				E7A77D49672C4B6D8410ACBF /* GCDWebServerStreamedResponse.h */,
				D3B281CA17B244418A9280FA /* CDVSpinnerDialog.m */,
				3FA4806C3F5A4037B94F673A /* CDVSpinnerDialog.h */,
				222E257019584AB3B202D7BE /* CDVSplashScreen.m */,
				A304F106D72348F5A4B958CB /* CDVViewController+SplashScreen.m */,
				1D62ACCFC64D47D3B227B927 /* CDVSplashScreen.h */,
				2ECD800B3BD34DC59849E8E8 /* CDVViewController+SplashScreen.h */,
				258A2E83912A44A4BBDF93AD /* NativeStorage.m */,
				945B9F6D77BA49ED8526E843 /* NativeStorage.h */,
				442B8ECFA0204D2A93AAF73F /* SOSPicker.m */,
				ED6A3A98C9E34E50BB489EDB /* UIImage+fixOrientation.m */,
				8ACF071565324D838C051B61 /* GMAlbumsViewCell.m */,
				0D11FA44DCC540BBB45C56D5 /* GMAlbumsViewController.m */,
				01FC62DB525B40ED9D618B79 /* GMFetchItem.m */,
				A97710569BD44E5D81E8475B /* GMGridViewCell.m */,
				D8099249B5B64AC2B060CE87 /* GMGridViewController.m */,
				B5917FA04ED4415CB3D90CC9 /* GMImagePickerController.m */,
				36DE7D35D59843549BE625CD /* PSYBlockTimer.m */,
				880FAA9A8C9C41D3891C4B6B /* GMPHAsset.m */,
				E7301AF624CD4408AA5A11A6 /* SOSPicker.h */,
				EAA7434F3B6241A88B345181 /* UIImage+fixOrientation.h */,
				578BA6917FAF464FA320785D /* GMAlbumsViewCell.h */,
				B6F6BAF297B845D8A01190ED /* GMAlbumsViewController.h */,
				4B7A7F6F5D8C4D7488AC5E0F /* GMFetchItem.h */,
				9378E18C1824455687869A16 /* GMGridViewCell.h */,
				6B562350A7BF4E37B694DE1D /* GMGridViewController.h */,
				9F7AE57404954468B7362431 /* GMImagePickerController.h */,
				BE81714D3E41453BAD58F262 /* PSYBlockTimer.h */,
				5C114CDE4F5E4E0BA7873C0A /* GMPHAsset.h */,
			);
			name = Plugins;
			path = "WeModels/Plugins";
			sourceTree = SOURCE_ROOT;
		};
		EB87FDF11871DA420020F90C /* Staging */ = {
			isa = PBXGroup;
			children = (
				F840E1F0165FE0F500CFE078 /* config.xml */,
				301BF56E109A69640062928A /* www */,
			);
			name = Staging;
			sourceTree = "<group>";
		};
/* End PBXGroup section */

/* Begin PBXNativeTarget section */
		1D6058900D05DD3D006BFB54 /* WeModels */ = {
			isa = PBXNativeTarget;
			buildConfigurationList = 1D6058960D05DD3E006BFB54 /* Build configuration list for PBXNativeTarget "WeModels" */;
			buildPhases = (
				304B58A110DAC018002A0835 /* Copy www directory */,
				1D60588D0D05DD3D006BFB54 /* Resources */,
				1D60588E0D05DD3D006BFB54 /* Sources */,
				1D60588F0D05DD3D006BFB54 /* Frameworks */,
			);
			buildRules = (
			);
			dependencies = (
				301BF551109A68C00062928A /* PBXTargetDependency */,
			);
			name = "WeModels";
			productName = "WeModels";
			productReference = 1D6058910D05DD3D006BFB54 /* WeModels.app */;
			productType = "com.apple.product-type.application";
		};
/* End PBXNativeTarget section */

/* Begin PBXProject section */
		29B97313FDCFA39411CA2CEA /* Project object */ = {
			isa = PBXProject;
			attributes = {
				LastUpgradeCheck = 510;
			};
			buildConfigurationList = C01FCF4E08A954540054247B /* Build configuration list for PBXProject "__NON-CLI__" */;
			compatibilityVersion = "Xcode 3.2";
			developmentRegion = English;
			hasScannedForEncodings = 1;
			mainGroup = 29B97314FDCFA39411CA2CEA /* CustomTemplate */;
			projectDirPath = "";
			projectReferences = (
				{
					ProductGroup = 301BF52E109A57CC0062928A /* Products */;
					ProjectRef = 301BF52D109A57CC0062928A /* CordovaLib.xcodeproj */;
				},
			);
			projectRoot = "";
			targets = (
				1D6058900D05DD3D006BFB54 /* WeModels */,
			);
		};
/* End PBXProject section */

/* Begin PBXReferenceProxy section */
		301BF535109A57CC0062928A /* libCordova.a */ = {
			isa = PBXReferenceProxy;
			fileType = archive.ar;
			path = libCordova.a;
			remoteRef = 301BF534109A57CC0062928A /* PBXContainerItemProxy */;
			sourceTree = BUILT_PRODUCTS_DIR;
		};
/* End PBXReferenceProxy section */

/* Begin PBXResourcesBuildPhase section */
		1D60588D0D05DD3D006BFB54 /* Resources */ = {
			isa = PBXResourcesBuildPhase;
			buildActionMask = 2147483647;
			files = (
				302D95F214D2391D003F00A1 /* MainViewController.xib in Resources */,
				0207DA581B56EA530066E2B4 /* Images.xcassets in Resources */,
				6AFF5BF91D6E424B00AB3073 /* CDVLaunchScreen.storyboard in Resources */,
				D619C1DF3CFD46C9AC99FD14 /* GMEmptyFolder@1x.png in Resources */,
				631C38989E0D4B8E944CFDEB /* GMEmptyFolder@2x.png in Resources */,
				3C0524095B2C452F9BE958F0 /* GMSelected.png in Resources */,
				6D29A53F6CAC4AF28EF870F7 /* GMSelected@2x.png in Resources */,
				014E56609A2248AFB67194B3 /* GMVideoIcon.png in Resources */,
				A422FE6C104547CCABCF3E00 /* GMVideoIcon@2x.png in Resources */,
				C7E0FDC830A743159374A3C0 /* ca.lproj in Resources */,
				3ADF4FE78F714B0CA9F201A5 /* de.lproj in Resources */,
				0262AFFAA5844542B9479581 /* en.lproj in Resources */,
				450A59BB54494351AA45C9EF /* es.lproj in Resources */,
				B1EA484C9F9340FEB8265F01 /* fr.lproj in Resources */,
				BBACC50614A74752BDC71196 /* it.lproj in Resources */,
				FDBEA656263A4EFA8A622995 /* pt.lproj in Resources */,
				BB6C2EA207954826B1C47571 /* zh-Hans.lproj in Resources */,
			);
			runOnlyForDeploymentPostprocessing = 0;
		};
/* End PBXResourcesBuildPhase section */

/* Begin PBXShellScriptBuildPhase section */
		304B58A110DAC018002A0835 /* Copy www directory */ = {
			isa = PBXShellScriptBuildPhase;
			buildActionMask = 2147483647;
			files = (
			);
			inputPaths = (
			);
			name = "Copy www directory";
			outputPaths = (
			);
			runOnlyForDeploymentPostprocessing = 0;
			shellPath = /bin/sh;
			shellScript = "NODEJS_PATH=/usr/local/bin; NVM_NODE_PATH=~/.nvm/versions/node/`nvm version 2>/dev/null`/bin; N_NODE_PATH=`find /usr/local/n/versions/node/* -maxdepth 0 -type d 2>/dev/null | tail -1`/bin; XCODE_NODE_PATH=`xcode-select --print-path`/usr/share/xcs/Node/bin; PATH=$NODEJS_PATH:$NVM_NODE_PATH:$N_NODE_PATH:$XCODE_NODE_PATH:$PATH && node cordova/lib/copy-www-build-step.js";
			showEnvVarsInLog = 0;
		};
/* End PBXShellScriptBuildPhase section */

/* Begin PBXSourcesBuildPhase section */
		1D60588E0D05DD3D006BFB54 /* Sources */ = {
			isa = PBXSourcesBuildPhase;
			buildActionMask = 2147483647;
			files = (
				1D60589B0D05DD56006BFB54 /* main.m in Sources */,
				1D3623260D0F684500981E51 /* AppDelegate.m in Sources */,
				302D95F114D2391D003F00A1 /* MainViewController.m in Sources */,
				56A115AD31DD46B591DCDD04 /* NativePageTransitions.m in Sources */,
				7825883170924EE3A02CFC95 /* AppDelegate+nativepagetransitions.m in Sources */,
				C02BDF3BA50F463781C19E56 /* UIImage+CropScaleOrientation.m in Sources */,
				FFF5C69D70BD4E87BBB94D19 /* CDVCamera.m in Sources */,
				AA6A501A3AA04A878495916B /* CDVJpegHeaderWriter.m in Sources */,
				A6919D37C3224D0A85B887C8 /* CDVDevice.m in Sources */,
				4E3069CA5E8547749B58B9FD /* FacebookConnectPlugin.m in Sources */,
				61804740F695494AB7FE8E4E /* CDVIonicKeyboard.m in Sources */,
				BD4206F3A75C4A398D9A8F15 /* CDVWKWebViewEngine.m in Sources */,
				F124D930D2494F9EBA9680C9 /* CDVWKWebViewUIDelegate.m in Sources */,
				1375E8B8F3E14F5A91AA4D5D /* CDVWKProcessPoolFactory.m in Sources */,
				54A1396639F94B29A2ABD2CC /* GCDWebServer.m in Sources */,
				DDE789A304AB41A39E43A6EE /* GCDWebServerConnection.m in Sources */,
				90C207F3A4B44D2F83D559D3 /* GCDWebServerFunctions.m in Sources */,
				21E178E8237B4988A91593A9 /* GCDWebServerRequest.m in Sources */,
				19F480C0127A448494883C8F /* GCDWebServerResponse.m in Sources */,
				9B802E72B9B84DBE892A77FF /* GCDWebServerDataRequest.m in Sources */,
				BAF198EDBD28441182F92FFD /* GCDWebServerFileRequest.m in Sources */,
				1E6F798CD15C47D49D5BC555 /* GCDWebServerMultiPartFormRequest.m in Sources */,
				0B0CDF68EA3E44069C97722B /* GCDWebServerURLEncodedFormRequest.m in Sources */,
				E33AB0C5FDCA49F2BE861DB4 /* GCDWebServerDataResponse.m in Sources */,
				840536C5D27F4AE18339336E /* GCDWebServerErrorResponse.m in Sources */,
				1F82F7C7988F4C239CC4C8D0 /* GCDWebServerFileResponse.m in Sources */,
				25D8F12885F2417A9DE1CC68 /* GCDWebServerStreamedResponse.m in Sources */,
				6CAC723BF3B24B4996624306 /* CDVSpinnerDialog.m in Sources */,
				39E4432CC96C402ABEA369FF /* CDVSplashScreen.m in Sources */,
				8371753B50354ACAA53CCF87 /* CDVViewController+SplashScreen.m in Sources */,
				8D2DD4D579E94508A308BC31 /* NativeStorage.m in Sources */,
				C326555D2EBD447B9C0B18DF /* SOSPicker.m in Sources */,
				BF19C08687A040A488754950 /* UIImage+fixOrientation.m in Sources */,
				6F048AB4CE314C6F88EF90B1 /* GMAlbumsViewCell.m in Sources */,
				F29C6F2544E64641AF3FC846 /* GMAlbumsViewController.m in Sources */,
				067F34BCED794EED9B79EE2B /* GMFetchItem.m in Sources */,
				658F53BB116C4433A88B311F /* GMGridViewCell.m in Sources */,
				46469F7549CF4532B18C16F7 /* GMGridViewController.m in Sources */,
				83AC317861E446979501F5EA /* GMImagePickerController.m in Sources */,
				A673B4D4D3414330901DB351 /* PSYBlockTimer.m in Sources */,
				0E612EB5D91A41CB949024F8 /* GMPHAsset.m in Sources */,
			);
			runOnlyForDeploymentPostprocessing = 0;
		};
/* End PBXSourcesBuildPhase section */

/* Begin PBXTargetDependency section */
		301BF551109A68C00062928A /* PBXTargetDependency */ = {
			isa = PBXTargetDependency;
			name = CordovaLib;
			targetProxy = 301BF550109A68C00062928A /* PBXContainerItemProxy */;
		};
/* End PBXTargetDependency section */

/* Begin XCBuildConfiguration section */
		1D6058940D05DD3E006BFB54 /* Debug */ = {
			isa = XCBuildConfiguration;
			baseConfigurationReference = 3047A50F1AB8059700498E2A /* build-debug.xcconfig */;
			buildSettings = {
				ALWAYS_SEARCH_USER_PATHS = NO;
				ASSETCATALOG_COMPILER_APPICON_NAME = AppIcon;
				ASSETCATALOG_COMPILER_LAUNCHIMAGE_NAME = LaunchImage;
				CLANG_ENABLE_MODULES = YES;
				CLANG_ENABLE_OBJC_ARC = YES;
				COPY_PHASE_STRIP = NO;
				GCC_DYNAMIC_NO_PIC = NO;
				GCC_OPTIMIZATION_LEVEL = 0;
				GCC_PRECOMPILE_PREFIX_HEADER = YES;
				GCC_PREFIX_HEADER = "WeModels/WeModels-Prefix.pch";
				GCC_THUMB_SUPPORT = NO;
				GCC_VERSION = "";
				INFOPLIST_FILE = "WeModels/WeModels-Info.plist";
				IPHONEOS_DEPLOYMENT_TARGET = 9.0;
				LD_RUNPATH_SEARCH_PATHS = "@executable_path/Frameworks";
				TARGETED_DEVICE_FAMILY = "1,2";
				PRODUCT_NAME = "WeModels";
				FRAMEWORK_SEARCH_PATHS = (
					"$(inherited)",
					"\"WeModels/Plugins/cordova-plugin-facebook4\"",
					"\"WeModels/Plugins/cordova-plugin-facebook4\"",
					"\"WeModels/Plugins/cordova-plugin-facebook4\"",
					"\"WeModels/Plugins/cordova-plugin-facebook4\"",
				);
			};
			name = Debug;
		};
		1D6058950D05DD3E006BFB54 /* Release */ = {
			isa = XCBuildConfiguration;
			baseConfigurationReference = 3047A5101AB8059700498E2A /* build-release.xcconfig */;
			buildSettings = {
				ALWAYS_SEARCH_USER_PATHS = NO;
				ASSETCATALOG_COMPILER_APPICON_NAME = AppIcon;
				ASSETCATALOG_COMPILER_LAUNCHIMAGE_NAME = LaunchImage;
				CLANG_ENABLE_MODULES = YES;
				CLANG_ENABLE_OBJC_ARC = YES;
				COPY_PHASE_STRIP = YES;
				GCC_PRECOMPILE_PREFIX_HEADER = YES;
				GCC_PREFIX_HEADER = "WeModels/WeModels-Prefix.pch";
				GCC_THUMB_SUPPORT = NO;
				GCC_VERSION = "";
				INFOPLIST_FILE = "WeModels/WeModels-Info.plist";
				IPHONEOS_DEPLOYMENT_TARGET = 9.0;
				LD_RUNPATH_SEARCH_PATHS = "@executable_path/Frameworks";
				TARGETED_DEVICE_FAMILY = "1,2";
				PRODUCT_NAME = "WeModels";
				FRAMEWORK_SEARCH_PATHS = (
					"$(inherited)",
					"\"WeModels/Plugins/cordova-plugin-facebook4\"",
					"\"WeModels/Plugins/cordova-plugin-facebook4\"",
					"\"WeModels/Plugins/cordova-plugin-facebook4\"",
					"\"WeModels/Plugins/cordova-plugin-facebook4\"",
				);
			};
			name = Release;
		};
		C01FCF4F08A954540054247B /* Debug */ = {
			isa = XCBuildConfiguration;
			baseConfigurationReference = 3047A5111AB8059700498E2A /* build.xcconfig */;
			buildSettings = {
				CLANG_ENABLE_MODULES = YES;
				CLANG_ENABLE_OBJC_ARC = YES;
				CLANG_WARN_BOOL_CONVERSION = YES;
				CLANG_WARN_CONSTANT_CONVERSION = YES;
				CLANG_WARN_EMPTY_BODY = YES;
				CLANG_WARN_ENUM_CONVERSION = YES;
				CLANG_WARN_INT_CONVERSION = YES;
				CLANG_WARN__DUPLICATE_METHOD_MATCH = YES;
				GCC_C_LANGUAGE_STANDARD = c99;
				GCC_THUMB_SUPPORT = NO;
				GCC_VERSION = "";
				GCC_WARN_ABOUT_RETURN_TYPE = YES;
				GCC_WARN_UNDECLARED_SELECTOR = YES;
				GCC_WARN_UNINITIALIZED_AUTOS = YES;
				GCC_WARN_UNUSED_FUNCTION = YES;
				GCC_WARN_UNUSED_VARIABLE = YES;
				ONLY_ACTIVE_ARCH = YES;
				SDKROOT = iphoneos;
				SKIP_INSTALL = NO;
			};
			name = Debug;
		};
		C01FCF5008A954540054247B /* Release */ = {
			isa = XCBuildConfiguration;
			baseConfigurationReference = 3047A5111AB8059700498E2A /* build.xcconfig */;
			buildSettings = {
				CLANG_ENABLE_MODULES = YES;
				CLANG_ENABLE_OBJC_ARC = YES;
				CLANG_WARN_BOOL_CONVERSION = YES;
				CLANG_WARN_CONSTANT_CONVERSION = YES;
				CLANG_WARN_EMPTY_BODY = YES;
				CLANG_WARN_ENUM_CONVERSION = YES;
				CLANG_WARN_INT_CONVERSION = YES;
				CLANG_WARN__DUPLICATE_METHOD_MATCH = YES;
				GCC_C_LANGUAGE_STANDARD = c99;
				GCC_THUMB_SUPPORT = NO;
				GCC_VERSION = "";
				GCC_WARN_ABOUT_RETURN_TYPE = YES;
				GCC_WARN_UNDECLARED_SELECTOR = YES;
				GCC_WARN_UNINITIALIZED_AUTOS = YES;
				GCC_WARN_UNUSED_FUNCTION = YES;
				GCC_WARN_UNUSED_VARIABLE = YES;
				SDKROOT = iphoneos;
				SKIP_INSTALL = NO;
			};
			name = Release;
		};
/* End XCBuildConfiguration section */

/* Begin XCConfigurationList section */
		1D6058960D05DD3E006BFB54 /* Build configuration list for PBXNativeTarget "WeModels" */ = {
			isa = XCConfigurationList;
			buildConfigurations = (
				1D6058940D05DD3E006BFB54 /* Debug */,
				1D6058950D05DD3E006BFB54 /* Release */,
			);
			defaultConfigurationIsVisible = 0;
			defaultConfigurationName = Release;
		};
		C01FCF4E08A954540054247B /* Build configuration list for PBXProject "__NON-CLI__" */ = {
			isa = XCConfigurationList;
			buildConfigurations = (
				C01FCF4F08A954540054247B /* Debug */,
				C01FCF5008A954540054247B /* Release */,
			);
			defaultConfigurationIsVisible = 0;
			defaultConfigurationName = Release;
		};
/* End XCConfigurationList section */
	};
	rootObject = 29B97313FDCFA39411CA2CEA /* Project object */;
}
